
Microsoft Visual Studio Solution File, Format Version 12.00
# Visual Studio 15
VisualStudioVersion = 15.0.28307.572
MinimumVisualStudioVersion = 10.0.40219.1
Project("{FAE04EC0-301F-11D3-BF4B-00C04F79EFBC}") = "Stack", "Stack\Stack.csproj", "{CD3559F6-AB73-447D-9E07-A4363F6FBA76}"
EndProject
Global
	GlobalSection(SolutionConfigurationPlatforms) = preSolution
		Debug|Any CPU = Debug|Any CPU
		Release|Any CPU = Release|Any CPU
	EndGlobalSection
	GlobalSection(ProjectConfigurationPlatforms) = postSolution
		{CD3559F6-AB73-447D-9E07-A4363F6FBA76}.Debug|Any CPU.ActiveCfg = Debug|Any CPU
		{CD3559F6-AB73-447D-9E07-A4363F6FBA76}.Debug|Any CPU.Build.0 = Debug|Any CPU
		{CD3559F6-AB73-447D-9E07-A4363F6FBA76}.Release|Any CPU.ActiveCfg = Release|Any CPU
		{CD3559F6-AB73-447D-9E07-A4363F6FBA76}.Release|Any CPU.Build.0 = Release|Any CPU
	EndGlobalSection
	GlobalSection(SolutionProperties) = preSolution
		HideSolutionNode = FALSE
	EndGlobalSection
	GlobalSection(ExtensibilityGlobals) = postSolution
		SolutionGuid = {F4CCA631-EF5A-49A6-ADBD-49CE94E5F485}
	EndGlobalSection
EndGlobal
